
Microsoft Visual Studio Solution File, Format Version 12.00
# Visual Studio Version 16
VisualStudioVersion = 16.0.29306.81
MinimumVisualStudioVersion = 10.0.40219.1
Project("{8BC9CEB8-8B4A-11D0-8D11-00A0C91BC942}") = "IntroExercisesC++", "IntroExercisesC++.vcxproj", "{11153E93-46E9-453A-AE27-D9D849DCCC38}"
EndProject
Global
	GlobalSection(SolutionConfigurationPlatforms) = preSolution
		Debug|x64 = Debug|x64
		Debug|x86 = Debug|x86
		Release|x64 = Release|x64
		Release|x86 = Release|x86
	EndGlobalSection
	GlobalSection(ProjectConfigurationPlatforms) = postSolution
		{11153E93-46E9-453A-AE27-D9D849DCCC38}.Debug|x64.ActiveCfg = Debug|x64
		{11153E93-46E9-453A-AE27-D9D849DCCC38}.Debug|x64.Build.0 = Debug|x64
		{11153E93-46E9-453A-AE27-D9D849DCCC38}.Debug|x86.ActiveCfg = Debug|Win32
		{11153E93-46E9-453A-AE27-D9D849DCCC38}.Debug|x86.Build.0 = Debug|Win32
		{11153E93-46E9-453A-AE27-D9D849DCCC38}.Release|x64.ActiveCfg = Release|x64
		{11153E93-46E9-453A-AE27-D9D849DCCC38}.Release|x64.Build.0 = Release|x64
		{11153E93-46E9-453A-AE27-D9D849DCCC38}.Release|x86.ActiveCfg = Release|Win32
		{11153E93-46E9-453A-AE27-D9D849DCCC38}.Release|x86.Build.0 = Release|Win32
	EndGlobalSection
	GlobalSection(SolutionProperties) = preSolution
		HideSolutionNode = FALSE
	EndGlobalSection
	GlobalSection(ExtensibilityGlobals) = postSolution
		SolutionGuid = {143E49B2-4501-4A79-8AC7-6CCEB3115826}
	EndGlobalSection
EndGlobal
